
Microsoft Visual Studio Solution File, Format Version 12.00
# Visual Studio 15
VisualStudioVersion = 15.0.28010.2036
MinimumVisualStudioVersion = 10.0.40219.1
Project("{FAE04EC0-301F-11D3-BF4B-00C04F79EFBC}") = "ForStudy", "ForStudy\ForStudy.csproj", "{8A28C9E9-3558-449D-8D53-130BE29E9C2B}"
EndProject
Project("{FAE04EC0-301F-11D3-BF4B-00C04F79EFBC}") = "DBFirst", "DBFirst\DBFirst.csproj", "{0648DE77-5713-4474-9319-A7019C14C7EC}"
EndProject
Project("{9A19103F-16F7-4668-BE54-9A1E7A4F7556}") = "CMS2018", "CMS2018\CMS2018\CMS2018.csproj", "{0A98A32A-F038-4D57-BD20-12A1B66907A9}"
EndProject
Project("{9A19103F-16F7-4668-BE54-9A1E7A4F7556}") = "Products", "Products\Products.csproj", "{486DD11A-BA87-48D4-8D12-8B4919425283}"
EndProject
Project("{FAE04EC0-301F-11D3-BF4B-00C04F79EFBC}") = "RazorPagesMovie", "RazorPagesMovie\RazorPagesMovie\RazorPagesMovie.csproj", "{C0B9B622-7879-484F-B991-0F1C76DEA1C8}"
EndProject
Global
	GlobalSection(SolutionConfigurationPlatforms) = preSolution
		Debug|Any CPU = Debug|Any CPU
		Release|Any CPU = Release|Any CPU
	EndGlobalSection
	GlobalSection(ProjectConfigurationPlatforms) = postSolution
		{8A28C9E9-3558-449D-8D53-130BE29E9C2B}.Debug|Any CPU.ActiveCfg = Debug|Any CPU
		{8A28C9E9-3558-449D-8D53-130BE29E9C2B}.Debug|Any CPU.Build.0 = Debug|Any CPU
		{8A28C9E9-3558-449D-8D53-130BE29E9C2B}.Release|Any CPU.ActiveCfg = Release|Any CPU
		{8A28C9E9-3558-449D-8D53-130BE29E9C2B}.Release|Any CPU.Build.0 = Release|Any CPU
		{0648DE77-5713-4474-9319-A7019C14C7EC}.Debug|Any CPU.ActiveCfg = Debug|Any CPU
		{0648DE77-5713-4474-9319-A7019C14C7EC}.Debug|Any CPU.Build.0 = Debug|Any CPU
		{0648DE77-5713-4474-9319-A7019C14C7EC}.Release|Any CPU.ActiveCfg = Release|Any CPU
		{0648DE77-5713-4474-9319-A7019C14C7EC}.Release|Any CPU.Build.0 = Release|Any CPU
		{0A98A32A-F038-4D57-BD20-12A1B66907A9}.Debug|Any CPU.ActiveCfg = Debug|Any CPU
		{0A98A32A-F038-4D57-BD20-12A1B66907A9}.Debug|Any CPU.Build.0 = Debug|Any CPU
		{0A98A32A-F038-4D57-BD20-12A1B66907A9}.Release|Any CPU.ActiveCfg = Release|Any CPU
		{0A98A32A-F038-4D57-BD20-12A1B66907A9}.Release|Any CPU.Build.0 = Release|Any CPU
		{486DD11A-BA87-48D4-8D12-8B4919425283}.Debug|Any CPU.ActiveCfg = Debug|Any CPU
		{486DD11A-BA87-48D4-8D12-8B4919425283}.Debug|Any CPU.Build.0 = Debug|Any CPU
		{486DD11A-BA87-48D4-8D12-8B4919425283}.Release|Any CPU.ActiveCfg = Release|Any CPU
		{486DD11A-BA87-48D4-8D12-8B4919425283}.Release|Any CPU.Build.0 = Release|Any CPU
		{C0B9B622-7879-484F-B991-0F1C76DEA1C8}.Debug|Any CPU.ActiveCfg = Debug|Any CPU
		{C0B9B622-7879-484F-B991-0F1C76DEA1C8}.Debug|Any CPU.Build.0 = Debug|Any CPU
		{C0B9B622-7879-484F-B991-0F1C76DEA1C8}.Release|Any CPU.ActiveCfg = Release|Any CPU
		{C0B9B622-7879-484F-B991-0F1C76DEA1C8}.Release|Any CPU.Build.0 = Release|Any CPU
	EndGlobalSection
	GlobalSection(SolutionProperties) = preSolution
		HideSolutionNode = FALSE
	EndGlobalSection
	GlobalSection(ExtensibilityGlobals) = postSolution
		SolutionGuid = {056AEBCF-F6D7-47BB-88E8-67DCFE34C147}
	EndGlobalSection
EndGlobal
